
Microsoft Visual Studio Solution File, Format Version 12.00
# Visual Studio 14
VisualStudioVersion = 14.0.25420.1
MinimumVisualStudioVersion = 10.0.40219.1
Project("{FAE04EC0-301F-11D3-BF4B-00C04F79EFBC}") = "CinemaAdviser", "CinemaAdviser\CinemaAdviser.csproj", "{BC9DBD02-979F-4173-BD6F-C6E9A3322520}"
EndProject
Project("{FAE04EC0-301F-11D3-BF4B-00C04F79EFBC}") = "TurtleTraining", "..\TurtleTraining\TurtleTraining.csproj", "{C0D4AC6D-F558-4C3A-AAE0-BE12A18FAC7B}"
EndProject
Project("{FAE04EC0-301F-11D3-BF4B-00C04F79EFBC}") = "Tgame", "..\Tgame\Tgame.csproj", "{F09CC476-29F1-4541-9877-E1519E5ED3EB}"
EndProject
Global
	GlobalSection(SolutionConfigurationPlatforms) = preSolution
		Debug|Any CPU = Debug|Any CPU
		Release|Any CPU = Release|Any CPU
	EndGlobalSection
	GlobalSection(ProjectConfigurationPlatforms) = postSolution
		{BC9DBD02-979F-4173-BD6F-C6E9A3322520}.Debug|Any CPU.ActiveCfg = Debug|Any CPU
		{BC9DBD02-979F-4173-BD6F-C6E9A3322520}.Debug|Any CPU.Build.0 = Debug|Any CPU
		{BC9DBD02-979F-4173-BD6F-C6E9A3322520}.Release|Any CPU.ActiveCfg = Release|Any CPU
		{BC9DBD02-979F-4173-BD6F-C6E9A3322520}.Release|Any CPU.Build.0 = Release|Any CPU
		{C0D4AC6D-F558-4C3A-AAE0-BE12A18FAC7B}.Debug|Any CPU.ActiveCfg = Debug|Any CPU
		{C0D4AC6D-F558-4C3A-AAE0-BE12A18FAC7B}.Debug|Any CPU.Build.0 = Debug|Any CPU
		{C0D4AC6D-F558-4C3A-AAE0-BE12A18FAC7B}.Release|Any CPU.ActiveCfg = Release|Any CPU
		{C0D4AC6D-F558-4C3A-AAE0-BE12A18FAC7B}.Release|Any CPU.Build.0 = Release|Any CPU
		{F09CC476-29F1-4541-9877-E1519E5ED3EB}.Debug|Any CPU.ActiveCfg = Debug|Any CPU
		{F09CC476-29F1-4541-9877-E1519E5ED3EB}.Debug|Any CPU.Build.0 = Debug|Any CPU
		{F09CC476-29F1-4541-9877-E1519E5ED3EB}.Release|Any CPU.ActiveCfg = Release|Any CPU
		{F09CC476-29F1-4541-9877-E1519E5ED3EB}.Release|Any CPU.Build.0 = Release|Any CPU
	EndGlobalSection
	GlobalSection(SolutionProperties) = preSolution
		HideSolutionNode = FALSE
	EndGlobalSection
EndGlobal
